// !$*UTF8*$!
{
	archiveVersion = 1;
	classes = {
	};
	objectVersion = 56;
	objects = {

/* Begin PBXBuildFile section */
		FC0B65565C2D4A1695B6D983 /* AppTheme.swift in Sources */ = {isa = PBXBuildFile; fileRef = 8F7E01782F9544A2A3B9A9C1 /* AppTheme.swift */; };
		454C248EA8E844C593572792 /* TeacherViews.swift in Sources */ = {isa = PBXBuildFile; fileRef = B600190194CE41378927D9D8 /* TeacherViews.swift */; };
		AAFD2AF95F274649B73F986F /* LibraryTabView.swift in Sources */ = {isa = PBXBuildFile; fileRef = DEC4345860034050830C085D /* LibraryTabView.swift */; };
		E90C8748142942D7B0A66B3E /* AdminViews.swift in Sources */ = {isa = PBXBuildFile; fileRef = 27E863C721FD4610B70EF424 /* AdminViews.swift */; };
		D1302C7B67E14DADBD908F85 /* AccountsViews.swift in Sources */ = {isa = PBXBuildFile; fileRef = 19FE927A5C0C41BCB2F07C42 /* AccountsViews.swift */; };
		ADA418C2A898432EADFE9660 /* LoginView.swift in Sources */ = {isa = PBXBuildFile; fileRef = 974E75AFA143423FA0275C4C /* LoginView.swift */; };
		ABED2A14A65A424BBF30DD54 /* WelcomeView.swift in Sources */ = {isa = PBXBuildFile; fileRef = D6D1D95F2EE34AB58BD9D399 /* WelcomeView.swift */; };
		9905F206F31F433C96782C2F /* FeesView.swift in Sources */ = {isa = PBXBuildFile; fileRef = 066444D54F1D4830A1E7D989 /* FeesView.swift */; };
		C8534CF4A6F84E66ABB6BA9F /* DashboardView.swift in Sources */ = {isa = PBXBuildFile; fileRef = DFF19B36A6B749F5BBC02261 /* DashboardView.swift */; };
		968EB7C783844B0C8317A211 /* NoticesTabView.swift in Sources */ = {isa = PBXBuildFile; fileRef = 7D6622A2BB404181A45D6B04 /* NoticesTabView.swift */; };
		A1B2C3D4E5F6A7B8C9D0E1F2 /* SearchTabView.swift in Sources */ = {isa = PBXBuildFile; fileRef = B3C4D5E6F7A8B9C0D1E2F3A4 /* SearchTabView.swift */; };
		1894B0D0D59542F38FA685B4 /* UpdateBannerView.swift in Sources */ = {isa = PBXBuildFile; fileRef = 797648687DCE46D0B3D68D72 /* UpdateBannerView.swift */; };
		B00E53582B634070BD689FAF /* LibraryViewModel.swift in Sources */ = {isa = PBXBuildFile; fileRef = 9CCC736BB0F94F5BA2B97184 /* LibraryViewModel.swift */; };
		9AEA9316359A4883BFC2A1E7 /* NoticesViewModel.swift in Sources */ = {isa = PBXBuildFile; fileRef = DF459D0356DA4F6289A32E60 /* NoticesViewModel.swift */; };
		73C284D7BB2B42BE99703463 /* FeesViewModel.swift in Sources */ = {isa = PBXBuildFile; fileRef = 5B0A4BC543DE434CAF87417B /* FeesViewModel.swift */; };
		AB63B8477B304AB3A939AEFB /* AdminViewModel.swift in Sources */ = {isa = PBXBuildFile; fileRef = E8AA00F8E3084F45B738AF4B /* AdminViewModel.swift */; };
		75E660DE1D994C3D82632703 /* TeacherViewModel.swift in Sources */ = {isa = PBXBuildFile; fileRef = E401C0A2DD90412B83C802C9 /* TeacherViewModel.swift */; };
		DCB972557FDD4CB4A5D9318B /* AccountsViewModel.swift in Sources */ = {isa = PBXBuildFile; fileRef = 2BEC65BB51904F28917A3B4B /* AccountsViewModel.swift */; };
		3EDF27FA00734615A1FA5DCB /* AuthViewModel.swift in Sources */ = {isa = PBXBuildFile; fileRef = 49978446D55A4C8483BDCAC1 /* AuthViewModel.swift */; };
		0763EA3F11234D3F9B5E9A67 /* UpdateChecker.swift in Sources */ = {isa = PBXBuildFile; fileRef = E94D9ABD8CDF4A7B9BA1B1BC /* UpdateChecker.swift */; };
		7716BDC8DA3E4B79847880B2 /* VidyaSchoolApp.swift in Sources */ = {isa = PBXBuildFile; fileRef = E6965D21949B4B71A663A7EC /* VidyaSchoolApp.swift */; };
		40F487367BB84F8D811DA51B /* ContentView.swift in Sources */ = {isa = PBXBuildFile; fileRef = 8DE639B239EB400CB8FFA6E4 /* ContentView.swift */; };
		A11100012345678901234567 /* AgentView.swift in Sources */ = {isa = PBXBuildFile; fileRef = F11100012345678901234567 /* AgentView.swift */; };
		A22200012345678901234567 /* QRLoginView.swift in Sources */ = {isa = PBXBuildFile; fileRef = F22200012345678901234567 /* QRLoginView.swift */; };
		A33300012345678901234567 /* PaymentSuccessView.swift in Sources */ = {isa = PBXBuildFile; fileRef = F33300012345678901234567 /* PaymentSuccessView.swift */; };
		E3A17CE235D3443795513376 /* Shared.xcframework in Frameworks */ = {isa = PBXBuildFile; fileRef = 45E211EB814D46E2835E3E9E /* Shared.xcframework */; };
/* End PBXBuildFile section */

/* Begin PBXFileReference section */
		8F7E01782F9544A2A3B9A9C1 /* AppTheme.swift */ = {isa = PBXFileReference; lastKnownFileType = sourcecode.swift; name = "AppTheme.swift"; path = "iosApp/Theme/AppTheme.swift"; sourceTree = "<group>"; };
		B600190194CE41378927D9D8 /* TeacherViews.swift */ = {isa = PBXFileReference; lastKnownFileType = sourcecode.swift; name = "TeacherViews.swift"; path = "iosApp/Views/TeacherViews.swift"; sourceTree = "<group>"; };
		DEC4345860034050830C085D /* LibraryTabView.swift */ = {isa = PBXFileReference; lastKnownFileType = sourcecode.swift; name = "LibraryTabView.swift"; path = "iosApp/Views/LibraryTabView.swift"; sourceTree = "<group>"; };
		27E863C721FD4610B70EF424 /* AdminViews.swift */ = {isa = PBXFileReference; lastKnownFileType = sourcecode.swift; name = "AdminViews.swift"; path = "iosApp/Views/AdminViews.swift"; sourceTree = "<group>"; };
		19FE927A5C0C41BCB2F07C42 /* AccountsViews.swift */ = {isa = PBXFileReference; lastKnownFileType = sourcecode.swift; name = "AccountsViews.swift"; path = "iosApp/Views/AccountsViews.swift"; sourceTree = "<group>"; };
		974E75AFA143423FA0275C4C /* LoginView.swift */ = {isa = PBXFileReference; lastKnownFileType = sourcecode.swift; name = "LoginView.swift"; path = "iosApp/Views/LoginView.swift"; sourceTree = "<group>"; };
		D6D1D95F2EE34AB58BD9D399 /* WelcomeView.swift */ = {isa = PBXFileReference; lastKnownFileType = sourcecode.swift; name = "WelcomeView.swift"; path = "iosApp/Views/WelcomeView.swift"; sourceTree = "<group>"; };
		066444D54F1D4830A1E7D989 /* FeesView.swift */ = {isa = PBXFileReference; lastKnownFileType = sourcecode.swift; name = "FeesView.swift"; path = "iosApp/Views/FeesView.swift"; sourceTree = "<group>"; };
		DFF19B36A6B749F5BBC02261 /* DashboardView.swift */ = {isa = PBXFileReference; lastKnownFileType = sourcecode.swift; name = "DashboardView.swift"; path = "iosApp/Views/DashboardView.swift"; sourceTree = "<group>"; };
		7D6622A2BB404181A45D6B04 /* NoticesTabView.swift */ = {isa = PBXFileReference; lastKnownFileType = sourcecode.swift; name = "NoticesTabView.swift"; path = "iosApp/Views/NoticesTabView.swift"; sourceTree = "<group>"; };
		B3C4D5E6F7A8B9C0D1E2F3A4 /* SearchTabView.swift */ = {isa = PBXFileReference; lastKnownFileType = sourcecode.swift; name = "SearchTabView.swift"; path = "iosApp/Views/SearchTabView.swift"; sourceTree = "<group>"; };
		797648687DCE46D0B3D68D72 /* UpdateBannerView.swift */ = {isa = PBXFileReference; lastKnownFileType = sourcecode.swift; name = "UpdateBannerView.swift"; path = "iosApp/Views/UpdateBannerView.swift"; sourceTree = "<group>"; };
		F11100012345678901234567 /* AgentView.swift */ = {isa = PBXFileReference; lastKnownFileType = sourcecode.swift; name = "AgentView.swift"; path = "iosApp/Views/AgentView.swift"; sourceTree = "<group>"; };
		F22200012345678901234567 /* QRLoginView.swift */ = {isa = PBXFileReference; lastKnownFileType = sourcecode.swift; name = "QRLoginView.swift"; path = "iosApp/Views/QRLoginView.swift"; sourceTree = "<group>"; };
		F33300012345678901234567 /* PaymentSuccessView.swift */ = {isa = PBXFileReference; lastKnownFileType = sourcecode.swift; name = "PaymentSuccessView.swift"; path = "iosApp/Views/PaymentSuccessView.swift"; sourceTree = "<group>"; };
		9CCC736BB0F94F5BA2B97184 /* LibraryViewModel.swift */ = {isa = PBXFileReference; lastKnownFileType = sourcecode.swift; name = "LibraryViewModel.swift"; path = "iosApp/ViewModels/LibraryViewModel.swift"; sourceTree = "<group>"; };
		DF459D0356DA4F6289A32E60 /* NoticesViewModel.swift */ = {isa = PBXFileReference; lastKnownFileType = sourcecode.swift; name = "NoticesViewModel.swift"; path = "iosApp/ViewModels/NoticesViewModel.swift"; sourceTree = "<group>"; };
		5B0A4BC543DE434CAF87417B /* FeesViewModel.swift */ = {isa = PBXFileReference; lastKnownFileType = sourcecode.swift; name = "FeesViewModel.swift"; path = "iosApp/ViewModels/FeesViewModel.swift"; sourceTree = "<group>"; };
		E8AA00F8E3084F45B738AF4B /* AdminViewModel.swift */ = {isa = PBXFileReference; lastKnownFileType = sourcecode.swift; name = "AdminViewModel.swift"; path = "iosApp/ViewModels/AdminViewModel.swift"; sourceTree = "<group>"; };
		E401C0A2DD90412B83C802C9 /* TeacherViewModel.swift */ = {isa = PBXFileReference; lastKnownFileType = sourcecode.swift; name = "TeacherViewModel.swift"; path = "iosApp/ViewModels/TeacherViewModel.swift"; sourceTree = "<group>"; };
		2BEC65BB51904F28917A3B4B /* AccountsViewModel.swift */ = {isa = PBXFileReference; lastKnownFileType = sourcecode.swift; name = "AccountsViewModel.swift"; path = "iosApp/ViewModels/AccountsViewModel.swift"; sourceTree = "<group>"; };
		49978446D55A4C8483BDCAC1 /* AuthViewModel.swift */ = {isa = PBXFileReference; lastKnownFileType = sourcecode.swift; name = "AuthViewModel.swift"; path = "iosApp/ViewModels/AuthViewModel.swift"; sourceTree = "<group>"; };
		E94D9ABD8CDF4A7B9BA1B1BC /* UpdateChecker.swift */ = {isa = PBXFileReference; lastKnownFileType = sourcecode.swift; name = "UpdateChecker.swift"; path = "iosApp/Services/UpdateChecker.swift"; sourceTree = "<group>"; };
		E6965D21949B4B71A663A7EC /* VidyaSchoolApp.swift */ = {isa = PBXFileReference; lastKnownFileType = sourcecode.swift; name = "VidyaSchoolApp.swift"; path = "iosApp/VidyaSchoolApp.swift"; sourceTree = "<group>"; };
		8DE639B239EB400CB8FFA6E4 /* ContentView.swift */ = {isa = PBXFileReference; lastKnownFileType = sourcecode.swift; name = "ContentView.swift"; path = "iosApp/ContentView.swift"; sourceTree = "<group>"; };
		CEF43761724A473E8E586C49 /* iosApp.app */ = {isa = PBXFileReference; explicitFileType = wrapper.application; includeInIndex = 0; path = iosApp.app; sourceTree = BUILT_PRODUCTS_DIR; };
		45E211EB814D46E2835E3E9E /* Shared.xcframework */ = {isa = PBXFileReference; lastKnownFileType = wrapper.xcframework; name = Shared.xcframework; path = "../shared/build/XCFrameworks/release/Shared.xcframework"; sourceTree = "<group>"; };
/* End PBXFileReference section */

/* Begin PBXFrameworksBuildPhase section */
	7E80B9720D534C7882AD947D /* Frameworks */ = {
		isa = PBXFrameworksBuildPhase;
		buildActionMask = 2147483647;
		files = (
			E3A17CE235D3443795513376 /* Shared.xcframework in Frameworks */,
		);
		runOnlyForDeploymentPostprocessing = 0;
	};
/* End PBXFrameworksBuildPhase section */

/* Begin PBXGroup section */
	37CB5E0275BB4DEAA661A99A = {
		isa = PBXGroup;
		children = (
			46F079A22B4B4CF28E1B1447 /* Products */,
			D98E28D7B87C452085A02F8B /* Frameworks */,
			E6965D21949B4B71A663A7EC /* VidyaSchoolApp.swift */,
			8DE639B239EB400CB8FFA6E4 /* ContentView.swift */,
			7F803785B99C4CA099AA2CE2 /* Theme */,
			82CAB942D8EC460FB1E42556 /* Views */,
			EFC0F3CDAD424750950B11C6 /* ViewModels */,
			E76205E43AB8419B909C818A /* Services */,
		);
		sourceTree = "<group>";
	};
	7F803785B99C4CA099AA2CE2 /* Theme */ = {
		isa = PBXGroup;
		children = (
			8F7E01782F9544A2A3B9A9C1 /* AppTheme.swift */,
		);
		name = Theme;
		sourceTree = "<group>";
	};
	82CAB942D8EC460FB1E42556 /* Views */ = {
		isa = PBXGroup;
		children = (
			B600190194CE41378927D9D8 /* TeacherViews.swift */,
			DEC4345860034050830C085D /* LibraryTabView.swift */,
			27E863C721FD4610B70EF424 /* AdminViews.swift */,
			19FE927A5C0C41BCB2F07C42 /* AccountsViews.swift */,
			974E75AFA143423FA0275C4C /* LoginView.swift */,
			D6D1D95F2EE34AB58BD9D399 /* WelcomeView.swift */,
			066444D54F1D4830A1E7D989 /* FeesView.swift */,
			DFF19B36A6B749F5BBC02261 /* DashboardView.swift */,
			7D6622A2BB404181A45D6B04 /* NoticesTabView.swift */,
			B3C4D5E6F7A8B9C0D1E2F3A4 /* SearchTabView.swift */,
			797648687DCE46D0B3D68D72 /* UpdateBannerView.swift */,
			F11100012345678901234567 /* AgentView.swift */,
			F22200012345678901234567 /* QRLoginView.swift */,
			F33300012345678901234567 /* PaymentSuccessView.swift */,
		);
		name = Views;
		sourceTree = "<group>";
	};
	EFC0F3CDAD424750950B11C6 /* ViewModels */ = {
		isa = PBXGroup;
		children = (
			9CCC736BB0F94F5BA2B97184 /* LibraryViewModel.swift */,
			DF459D0356DA4F6289A32E60 /* NoticesViewModel.swift */,
			5B0A4BC543DE434CAF87417B /* FeesViewModel.swift */,
			E8AA00F8E3084F45B738AF4B /* AdminViewModel.swift */,
			E401C0A2DD90412B83C802C9 /* TeacherViewModel.swift */,
			2BEC65BB51904F28917A3B4B /* AccountsViewModel.swift */,
			49978446D55A4C8483BDCAC1 /* AuthViewModel.swift */,
		);
		name = ViewModels;
		sourceTree = "<group>";
	};
	E76205E43AB8419B909C818A /* Services */ = {
		isa = PBXGroup;
		children = (
			E94D9ABD8CDF4A7B9BA1B1BC /* UpdateChecker.swift */,
		);
		name = Services;
		sourceTree = "<group>";
	};
	46F079A22B4B4CF28E1B1447 /* Products */ = {
		isa = PBXGroup;
		children = (
			CEF43761724A473E8E586C49 /* iosApp.app */,
		);
		name = Products;
		sourceTree = "<group>";
	};
	D98E28D7B87C452085A02F8B /* Frameworks */ = {
		isa = PBXGroup;
		children = (
			45E211EB814D46E2835E3E9E /* Shared.xcframework */,
		);
		name = Frameworks;
		sourceTree = "<group>";
	};
/* End PBXGroup section */

/* Begin PBXNativeTarget section */
	FC691E447E844028B5D6F1C1 /* iosApp */ = {
		isa = PBXNativeTarget;
		buildConfigurationList = 9D073ABF552A40F683E98928 /* Build configuration list for PBXNativeTarget "iosApp" */;
		buildPhases = (
			BAFB20798E434ED394209F04 /* Sources */,
			7E80B9720D534C7882AD947D /* Frameworks */,
			BCF208F552194BCCB12B8C6C /* Resources */,
		);
		buildRules = (
		);
		dependencies = (
		);
		name = iosApp;
		productName = iosApp;
		productReference = CEF43761724A473E8E586C49 /* iosApp.app */;
		productType = "com.apple.product-type.application";
	};
/* End PBXNativeTarget section */

/* Begin PBXProject section */
	D5087A3F9DB54FE39FD47E5A /* Project object */ = {
		isa = PBXProject;
		attributes = {
			BuildIndependentTargetsInParallel = 1;
			LastSwiftUpdateCheck = 1540;
			LastUpgradeCheck = 1540;
			TargetAttributes = {
				FC691E447E844028B5D6F1C1 = {
					CreatedOnToolsVersion = 15.4;
					LastSwiftMigration = 1540;
				};
			};
		};
		buildConfigurationList = FAD42E77042F47968F41A0AF /* Build configuration list for PBXProject "iosApp" */;
		compatibilityVersion = "Xcode 14.0";
		developmentRegion = en;
		hasScannedForEncodings = 0;
		knownRegions = (
			en,
			Base,
		);
		mainGroup = 37CB5E0275BB4DEAA661A99A;
		productRefGroup = 46F079A22B4B4CF28E1B1447 /* Products */;
		projectDirPath = "";
		projectRoot = "";
		targets = (
			FC691E447E844028B5D6F1C1 /* iosApp */,
		);
	};
/* End PBXProject section */

/* Begin PBXResourcesBuildPhase section */
	BCF208F552194BCCB12B8C6C /* Resources */ = {
		isa = PBXResourcesBuildPhase;
		buildActionMask = 2147483647;
		files = (
		);
		runOnlyForDeploymentPostprocessing = 0;
	};
/* End PBXResourcesBuildPhase section */

/* Begin PBXSourcesBuildPhase section */
	BAFB20798E434ED394209F04 /* Sources */ = {
		isa = PBXSourcesBuildPhase;
		buildActionMask = 2147483647;
		files = (
			FC0B65565C2D4A1695B6D983 /* AppTheme.swift in Sources */,
			454C248EA8E844C593572792 /* TeacherViews.swift in Sources */,
			AAFD2AF95F274649B73F986F /* LibraryTabView.swift in Sources */,
			E90C8748142942D7B0A66B3E /* AdminViews.swift in Sources */,
			D1302C7B67E14DADBD908F85 /* AccountsViews.swift in Sources */,
			ADA418C2A898432EADFE9660 /* LoginView.swift in Sources */,
			ABED2A14A65A424BBF30DD54 /* WelcomeView.swift in Sources */,
			9905F206F31F433C96782C2F /* FeesView.swift in Sources */,
			C8534CF4A6F84E66ABB6BA9F /* DashboardView.swift in Sources */,
			968EB7C783844B0C8317A211 /* NoticesTabView.swift in Sources */,
			A1B2C3D4E5F6A7B8C9D0E1F2 /* SearchTabView.swift in Sources */,
			1894B0D0D59542F38FA685B4 /* UpdateBannerView.swift in Sources */,
			B00E53582B634070BD689FAF /* LibraryViewModel.swift in Sources */,
			9AEA9316359A4883BFC2A1E7 /* NoticesViewModel.swift in Sources */,
			73C284D7BB2B42BE99703463 /* FeesViewModel.swift in Sources */,
			AB63B8477B304AB3A939AEFB /* AdminViewModel.swift in Sources */,
			75E660DE1D994C3D82632703 /* TeacherViewModel.swift in Sources */,
			DCB972557FDD4CB4A5D9318B /* AccountsViewModel.swift in Sources */,
			3EDF27FA00734615A1FA5DCB /* AuthViewModel.swift in Sources */,
			0763EA3F11234D3F9B5E9A67 /* UpdateChecker.swift in Sources */,
			7716BDC8DA3E4B79847880B2 /* VidyaSchoolApp.swift in Sources */,
			40F487367BB84F8D811DA51B /* ContentView.swift in Sources */,
			A11100012345678901234567 /* AgentView.swift in Sources */,
			A22200012345678901234567 /* QRLoginView.swift in Sources */,
			A33300012345678901234567 /* PaymentSuccessView.swift in Sources */,
		);
		runOnlyForDeploymentPostprocessing = 0;
	};
/* End PBXSourcesBuildPhase section */

/* Begin XCBuildConfiguration section */
	98C35A0E22A4461A933F0FC7 /* Debug */ = {
		isa = XCBuildConfiguration;
		buildSettings = {
			ALWAYS_SEARCH_USER_PATHS = NO;
			ASSETCATALOG_COMPILER_GENERATE_SWIFT_ASSET_SYMBOL_EXTENSIONS = YES;
			CLANG_ANALYZER_NONNULL = YES;
			CLANG_ANALYZER_NUMBER_OBJECT_CONVERSION = YES_AGGRESSIVE;
			CLANG_CXX_LANGUAGE_STANDARD = "gnu++20";
			CLANG_CXX_LIBRARY = "libc++";
			CLANG_ENABLE_MODULES = YES;
			CLANG_ENABLE_OBJC_ARC = YES;
			CLANG_ENABLE_OBJC_WEAK = YES;
			CLANG_WARN_BLOCK_CAPTURE_AUTORELEASING = YES;
			CLANG_WARN_BOOL_CONVERSION = YES;
			CLANG_WARN_COMMA = YES;
			CLANG_WARN_CONSTANT_CONVERSION = YES;
			CLANG_WARN_DEPRECATED_OBJC_IMPLEMENTATIONS = YES;
			CLANG_WARN_DIRECT_OBJC_RECEIVER = YES_OBJC_RELEASES_ARGUMENT;
			CLANG_WARN_DOCUMENTATION_COMMENTS = YES;
			CLANG_WARN_EMPTY_BODY = YES;
			CLANG_WARN_ENUM_CONVERSION = YES;
			CLANG_WARN_INFINITE_RECURSION = YES;
			CLANG_WARN_INT_CONVERSION = YES;
			CLANG_WARN_NON_LITERAL_NULL_CONVERSION = YES;
			CLANG_WARN_OBJC_IMPLICIT_RETAIN_SELF = YES;
			CLANG_WARN_OBJC_LITERAL_CONVERSION = YES;
			CLANG_WARN_OBJC_ROOT_CLASS = YES_ERROR;
			CLANG_WARN_QUOTED_INCLUDE_IN_FRAMEWORK_HEADER = YES;
			CLANG_WARN_RANGE_LOOP_ANALYSIS = YES;
			CLANG_WARN_STRICT_PROTOTYPES = YES;
			CLANG_WARN_SUSPICIOUS_MOVE = YES;
			CLANG_WARN_UNGUARDED_AVAILABILITY = YES_AGGRESSIVE;
			CLANG_WARN_UNREACHABLE_CODE = YES;
			COPY_PHASE_STRIP = NO;
			DEBUG_INFORMATION_FORMAT = dwarf;
			ENABLE_STRICT_OBJC_MSGSEND = YES;
			ENABLE_TESTABILITY = YES;
			ENABLE_USER_SCRIPT_SANDBOXING = NO;
			GCC_C_LANGUAGE_STANDARD = gnu17;
			GCC_DYNAMIC_NO_PIC = NO;
			GCC_NO_COMMON_BLOCKS = YES;
			GCC_OPTIMIZATION_LEVEL = 0;
			GCC_PREPROCESSOR_DEFINITIONS = (
				"DEBUG=1",
				"$(inherited)",
			);
			GCC_WARN_64_TO_32_BIT_CONVERSION = YES;
			GCC_WARN_ABOUT_RETURN_TYPE = YES_ERROR;
			GCC_WARN_UNDECLARED_SELECTOR = YES;
			GCC_WARN_UNINITIALIZED_AUTOS = YES_AGGRESSIVE;
			GCC_WARN_UNUSED_FUNCTION = YES;
			GCC_WARN_UNUSED_VARIABLE = YES;
			IPHONEOS_DEPLOYMENT_TARGET = 16.0;
			MTL_ENABLE_DEBUG_INFO = INCLUDE_SOURCE;
			MTL_FAST_MATH = YES;
			ONLY_ACTIVE_ARCH = YES;
			SDKROOT = iphoneos;
			SWIFT_ACTIVE_COMPILATION_CONDITIONS = DEBUG;
			SWIFT_OPTIMIZATION_LEVEL = "-Onone";
		};
		name = Debug;
	};
	5EAAC61860B84935B3DC0496 /* Release */ = {
		isa = XCBuildConfiguration;
		buildSettings = {
			ALWAYS_SEARCH_USER_PATHS = NO;
			ASSETCATALOG_COMPILER_GENERATE_SWIFT_ASSET_SYMBOL_EXTENSIONS = YES;
			CLANG_ANALYZER_NONNULL = YES;
			CLANG_ANALYZER_NUMBER_OBJECT_CONVERSION = YES_AGGRESSIVE;
			CLANG_CXX_LANGUAGE_STANDARD = "gnu++20";
			CLANG_CXX_LIBRARY = "libc++";
			CLANG_ENABLE_MODULES = YES;
			CLANG_ENABLE_OBJC_ARC = YES;
			CLANG_ENABLE_OBJC_WEAK = YES;
			CLANG_WARN_BLOCK_CAPTURE_AUTORELEASING = YES;
			CLANG_WARN_BOOL_CONVERSION = YES;
			CLANG_WARN_COMMA = YES;
			CLANG_WARN_CONSTANT_CONVERSION = YES;
			CLANG_WARN_DEPRECATED_OBJC_IMPLEMENTATIONS = YES;
			CLANG_WARN_DIRECT_OBJC_RECEIVER = YES_OBJC_RELEASES_ARGUMENT;
			CLANG_WARN_DOCUMENTATION_COMMENTS = YES;
			CLANG_WARN_EMPTY_BODY = YES;
			CLANG_WARN_ENUM_CONVERSION = YES;
			CLANG_WARN_INFINITE_RECURSION = YES;
			CLANG_WARN_INT_CONVERSION = YES;
			CLANG_WARN_NON_LITERAL_NULL_CONVERSION = YES;
			CLANG_WARN_OBJC_IMPLICIT_RETAIN_SELF = YES;
			CLANG_WARN_OBJC_LITERAL_CONVERSION = YES;
			CLANG_WARN_OBJC_ROOT_CLASS = YES_ERROR;
			CLANG_WARN_QUOTED_INCLUDE_IN_FRAMEWORK_HEADER = YES;
			CLANG_WARN_RANGE_LOOP_ANALYSIS = YES;
			CLANG_WARN_STRICT_PROTOTYPES = YES;
			CLANG_WARN_SUSPICIOUS_MOVE = YES;
			CLANG_WARN_UNGUARDED_AVAILABILITY = YES_AGGRESSIVE;
			CLANG_WARN_UNREACHABLE_CODE = YES;
			COPY_PHASE_STRIP = NO;
			DEBUG_INFORMATION_FORMAT = "dwarf-with-dsym";
			ENABLE_NS_ASSERTIONS = NO;
			ENABLE_STRICT_OBJC_MSGSEND = YES;
			ENABLE_USER_SCRIPT_SANDBOXING = NO;
			GCC_C_LANGUAGE_STANDARD = gnu17;
			GCC_NO_COMMON_BLOCKS = YES;
			GCC_WARN_64_TO_32_BIT_CONVERSION = YES;
			GCC_WARN_ABOUT_RETURN_TYPE = YES_ERROR;
			GCC_WARN_UNDECLARED_SELECTOR = YES;
			GCC_WARN_UNINITIALIZED_AUTOS = YES_AGGRESSIVE;
			GCC_WARN_UNUSED_FUNCTION = YES;
			GCC_WARN_UNUSED_VARIABLE = YES;
			IPHONEOS_DEPLOYMENT_TARGET = 16.0;
			MTL_ENABLE_DEBUG_INFO = NO;
			MTL_FAST_MATH = YES;
			SDKROOT = iphoneos;
			SWIFT_COMPILATION_MODE = wholemodule;
			SWIFT_OPTIMIZATION_LEVEL = "-O";
			VALIDATE_PRODUCT = YES;
		};
		name = Release;
	};
	8AAC8682977F4EF88FB16B01 /* Debug */ = {
		isa = XCBuildConfiguration;
		buildSettings = {
			ASSETCATALOG_COMPILER_APPICON_NAME = AppIcon;
			ASSETCATALOG_COMPILER_GLOBAL_ACCENT_COLOR_NAME = AccentColor;
			CODE_SIGN_STYLE = Automatic;
			CURRENT_PROJECT_VERSION = 1;
			DEVELOPMENT_ASSET_PATHS = "";
			ENABLE_PREVIEWS = YES;
			FRAMEWORK_SEARCH_PATHS = (
				"$(inherited)",
				"\"$(SRCROOT)/../shared/build/XCFrameworks/release\"",
				"\"$(SRCROOT)/../shared/build/XCFrameworks/debug\"",
			);
			INFOPLIST_FILE = iosApp/Info.plist;
			LD_RUNPATH_SEARCH_PATHS = (
				"$(inherited)",
				"@executable_path/Frameworks",
			);
			MARKETING_VERSION = 1.0.0;
			PRODUCT_BUNDLE_IDENTIFIER = com.vidyaschool.iosapp;
			PRODUCT_NAME = "$(TARGET_NAME)";
			SWIFT_EMIT_LOC_STRINGS = YES;
			SWIFT_VERSION = 5.0;
			TARGETED_DEVICE_FAMILY = "1,2";
		};
		name = Debug;
	};
	71E09555F58C428B93A976F9 /* Release */ = {
		isa = XCBuildConfiguration;
		buildSettings = {
			ASSETCATALOG_COMPILER_APPICON_NAME = AppIcon;
			ASSETCATALOG_COMPILER_GLOBAL_ACCENT_COLOR_NAME = AccentColor;
			CODE_SIGN_STYLE = Automatic;
			CURRENT_PROJECT_VERSION = 1;
			DEVELOPMENT_ASSET_PATHS = "";
			ENABLE_PREVIEWS = YES;
			FRAMEWORK_SEARCH_PATHS = (
				"$(inherited)",
				"\"$(SRCROOT)/../shared/build/XCFrameworks/release\"",
				"\"$(SRCROOT)/../shared/build/XCFrameworks/debug\"",
			);
			INFOPLIST_FILE = iosApp/Info.plist;
			LD_RUNPATH_SEARCH_PATHS = (
				"$(inherited)",
				"@executable_path/Frameworks",
			);
			MARKETING_VERSION = 1.0.0;
			PRODUCT_BUNDLE_IDENTIFIER = com.vidyaschool.iosapp;
			PRODUCT_NAME = "$(TARGET_NAME)";
			SWIFT_EMIT_LOC_STRINGS = YES;
			SWIFT_VERSION = 5.0;
			TARGETED_DEVICE_FAMILY = "1,2";
		};
		name = Release;
	};
/* End XCBuildConfiguration section */

/* Begin XCConfigurationList section */
	FAD42E77042F47968F41A0AF /* Build configuration list for PBXProject "iosApp" */ = {
		isa = XCConfigurationList;
		buildConfigurations = (
			98C35A0E22A4461A933F0FC7 /* Debug */,
			5EAAC61860B84935B3DC0496 /* Release */,
		);
		defaultConfigurationIsVisible = 0;
		defaultConfigurationName = Release;
	};
	9D073ABF552A40F683E98928 /* Build configuration list for PBXNativeTarget "iosApp" */ = {
		isa = XCConfigurationList;
		buildConfigurations = (
			8AAC8682977F4EF88FB16B01 /* Debug */,
			71E09555F58C428B93A976F9 /* Release */,
		);
		defaultConfigurationIsVisible = 0;
		defaultConfigurationName = Release;
	};
/* End XCConfigurationList section */
	};
	rootObject = D5087A3F9DB54FE39FD47E5A /* Project object */;
}
