// !$*UTF8*$!
{
	archiveVersion = 1;
	classes = {
	};
	objectVersion = 56;
	objects = {

/* Begin PBXBuildFile section */
		073C9D1A4D624A3C8CE7DFA6 /* AppTheme.swift in Sources */ = {isa = PBXBuildFile; fileRef = 2FE38BEF2F1C401CB19FEDF6 /* AppTheme.swift */; };
		3180C2F56E1B445CBBB34C82 /* TeacherViews.swift in Sources */ = {isa = PBXBuildFile; fileRef = 6885D4452E40490D97E432A1 /* TeacherViews.swift */; };
		4810B7626B5349C6BC28D7ED /* LibraryTabView.swift in Sources */ = {isa = PBXBuildFile; fileRef = E860715535E945A88FBD1D1A /* LibraryTabView.swift */; };
		F461207414374D09B17818FF /* AdminViews.swift in Sources */ = {isa = PBXBuildFile; fileRef = 7B61F59D34F64AF595A582BB /* AdminViews.swift */; };
		1057F4F8978B4DD7AA27F66A /* AccountsViews.swift in Sources */ = {isa = PBXBuildFile; fileRef = 0F3DC0AFFED7424893CD08C3 /* AccountsViews.swift */; };
		7C1C6F39661C49EBAF106EBC /* LoginView.swift in Sources */ = {isa = PBXBuildFile; fileRef = 5714B588ED3045F5A00A147D /* LoginView.swift */; };
		8F3A83A016594CEDA2666877 /* WelcomeView.swift in Sources */ = {isa = PBXBuildFile; fileRef = AE2B817872984BD0A29FABF0 /* WelcomeView.swift */; };
		C9F62F2B4ED24FEFAB75ADBA /* FeesView.swift in Sources */ = {isa = PBXBuildFile; fileRef = C9050636A85549D38562FF59 /* FeesView.swift */; };
		40FEF95233F0421BA4E41904 /* DashboardView.swift in Sources */ = {isa = PBXBuildFile; fileRef = E7B5FB022005498E81F77681 /* DashboardView.swift */; };
		6F286906D8C644188E4ED15E /* NoticesTabView.swift in Sources */ = {isa = PBXBuildFile; fileRef = A483DF480BEF4019A5B93D81 /* NoticesTabView.swift */; };
		77B7A2B5FB4E456094B42CD8 /* UpdateBannerView.swift in Sources */ = {isa = PBXBuildFile; fileRef = EDF917BBC99045979E40D80C /* UpdateBannerView.swift */; };
		E3A319E95F244FE5B3987DD3 /* LibraryViewModel.swift in Sources */ = {isa = PBXBuildFile; fileRef = C69445B2A5194C418DEB6963 /* LibraryViewModel.swift */; };
		8D41ED649DA34BEB9847F97F /* NoticesViewModel.swift in Sources */ = {isa = PBXBuildFile; fileRef = B476B46D18864C54995D31FE /* NoticesViewModel.swift */; };
		11247C7A65C1445FAB2870F5 /* FeesViewModel.swift in Sources */ = {isa = PBXBuildFile; fileRef = DF90782ED40C4C71A7EF9915 /* FeesViewModel.swift */; };
		115D0157039D443ABE695F72 /* AdminViewModel.swift in Sources */ = {isa = PBXBuildFile; fileRef = ADEF97361B2E4F9DA4C1CC5C /* AdminViewModel.swift */; };
		679F989C19F34A8A98D4A50B /* TeacherViewModel.swift in Sources */ = {isa = PBXBuildFile; fileRef = 1DAAE513B5E94A01BF107000 /* TeacherViewModel.swift */; };
		83944AD767954011833A3A9B /* AccountsViewModel.swift in Sources */ = {isa = PBXBuildFile; fileRef = 0F0738B105B148BC90144E63 /* AccountsViewModel.swift */; };
		06FE5149584F4D48B4BA5F75 /* AuthViewModel.swift in Sources */ = {isa = PBXBuildFile; fileRef = 11AC2F4922804B0CA00B2FFC /* AuthViewModel.swift */; };
		47D85F9EA71B449E9F054EF3 /* UpdateChecker.swift in Sources */ = {isa = PBXBuildFile; fileRef = D2FE88F61384427FA84BBE89 /* UpdateChecker.swift */; };
		ECEB93A6EF8B405BBB6DB67E /* VidyaSchoolApp.swift in Sources */ = {isa = PBXBuildFile; fileRef = E65B00467B1B41FEAA51EEA6 /* VidyaSchoolApp.swift */; };
		86FFB2AE37304D8395D21073 /* ContentView.swift in Sources */ = {isa = PBXBuildFile; fileRef = 1C499D2C3DB449B5A98272A5 /* ContentView.swift */; };
		7DF1374328544B2EB64826FF /* Shared.xcframework in Frameworks */ = {isa = PBXBuildFile; fileRef = 58823B1AA2304241A2689286 /* Shared.xcframework */; };
/* End PBXBuildFile section */

/* Begin PBXFileReference section */
		2FE38BEF2F1C401CB19FEDF6 /* AppTheme.swift */ = {isa = PBXFileReference; lastKnownFileType = sourcecode.swift; name = "AppTheme.swift"; path = "iosApp/Theme/AppTheme.swift"; sourceTree = "<group>"; };
		6885D4452E40490D97E432A1 /* TeacherViews.swift */ = {isa = PBXFileReference; lastKnownFileType = sourcecode.swift; name = "TeacherViews.swift"; path = "iosApp/Views/TeacherViews.swift"; sourceTree = "<group>"; };
		E860715535E945A88FBD1D1A /* LibraryTabView.swift */ = {isa = PBXFileReference; lastKnownFileType = sourcecode.swift; name = "LibraryTabView.swift"; path = "iosApp/Views/LibraryTabView.swift"; sourceTree = "<group>"; };
		7B61F59D34F64AF595A582BB /* AdminViews.swift */ = {isa = PBXFileReference; lastKnownFileType = sourcecode.swift; name = "AdminViews.swift"; path = "iosApp/Views/AdminViews.swift"; sourceTree = "<group>"; };
		0F3DC0AFFED7424893CD08C3 /* AccountsViews.swift */ = {isa = PBXFileReference; lastKnownFileType = sourcecode.swift; name = "AccountsViews.swift"; path = "iosApp/Views/AccountsViews.swift"; sourceTree = "<group>"; };
		5714B588ED3045F5A00A147D /* LoginView.swift */ = {isa = PBXFileReference; lastKnownFileType = sourcecode.swift; name = "LoginView.swift"; path = "iosApp/Views/LoginView.swift"; sourceTree = "<group>"; };
		AE2B817872984BD0A29FABF0 /* WelcomeView.swift */ = {isa = PBXFileReference; lastKnownFileType = sourcecode.swift; name = "WelcomeView.swift"; path = "iosApp/Views/WelcomeView.swift"; sourceTree = "<group>"; };
		C9050636A85549D38562FF59 /* FeesView.swift */ = {isa = PBXFileReference; lastKnownFileType = sourcecode.swift; name = "FeesView.swift"; path = "iosApp/Views/FeesView.swift"; sourceTree = "<group>"; };
		E7B5FB022005498E81F77681 /* DashboardView.swift */ = {isa = PBXFileReference; lastKnownFileType = sourcecode.swift; name = "DashboardView.swift"; path = "iosApp/Views/DashboardView.swift"; sourceTree = "<group>"; };
		A483DF480BEF4019A5B93D81 /* NoticesTabView.swift */ = {isa = PBXFileReference; lastKnownFileType = sourcecode.swift; name = "NoticesTabView.swift"; path = "iosApp/Views/NoticesTabView.swift"; sourceTree = "<group>"; };
		EDF917BBC99045979E40D80C /* UpdateBannerView.swift */ = {isa = PBXFileReference; lastKnownFileType = sourcecode.swift; name = "UpdateBannerView.swift"; path = "iosApp/Views/UpdateBannerView.swift"; sourceTree = "<group>"; };
		C69445B2A5194C418DEB6963 /* LibraryViewModel.swift */ = {isa = PBXFileReference; lastKnownFileType = sourcecode.swift; name = "LibraryViewModel.swift"; path = "iosApp/ViewModels/LibraryViewModel.swift"; sourceTree = "<group>"; };
		B476B46D18864C54995D31FE /* NoticesViewModel.swift */ = {isa = PBXFileReference; lastKnownFileType = sourcecode.swift; name = "NoticesViewModel.swift"; path = "iosApp/ViewModels/NoticesViewModel.swift"; sourceTree = "<group>"; };
		DF90782ED40C4C71A7EF9915 /* FeesViewModel.swift */ = {isa = PBXFileReference; lastKnownFileType = sourcecode.swift; name = "FeesViewModel.swift"; path = "iosApp/ViewModels/FeesViewModel.swift"; sourceTree = "<group>"; };
		ADEF97361B2E4F9DA4C1CC5C /* AdminViewModel.swift */ = {isa = PBXFileReference; lastKnownFileType = sourcecode.swift; name = "AdminViewModel.swift"; path = "iosApp/ViewModels/AdminViewModel.swift"; sourceTree = "<group>"; };
		1DAAE513B5E94A01BF107000 /* TeacherViewModel.swift */ = {isa = PBXFileReference; lastKnownFileType = sourcecode.swift; name = "TeacherViewModel.swift"; path = "iosApp/ViewModels/TeacherViewModel.swift"; sourceTree = "<group>"; };
		0F0738B105B148BC90144E63 /* AccountsViewModel.swift */ = {isa = PBXFileReference; lastKnownFileType = sourcecode.swift; name = "AccountsViewModel.swift"; path = "iosApp/ViewModels/AccountsViewModel.swift"; sourceTree = "<group>"; };
		11AC2F4922804B0CA00B2FFC /* AuthViewModel.swift */ = {isa = PBXFileReference; lastKnownFileType = sourcecode.swift; name = "AuthViewModel.swift"; path = "iosApp/ViewModels/AuthViewModel.swift"; sourceTree = "<group>"; };
		D2FE88F61384427FA84BBE89 /* UpdateChecker.swift */ = {isa = PBXFileReference; lastKnownFileType = sourcecode.swift; name = "UpdateChecker.swift"; path = "iosApp/Services/UpdateChecker.swift"; sourceTree = "<group>"; };
		E65B00467B1B41FEAA51EEA6 /* VidyaSchoolApp.swift */ = {isa = PBXFileReference; lastKnownFileType = sourcecode.swift; name = "VidyaSchoolApp.swift"; path = "iosApp/VidyaSchoolApp.swift"; sourceTree = "<group>"; };
		1C499D2C3DB449B5A98272A5 /* ContentView.swift */ = {isa = PBXFileReference; lastKnownFileType = sourcecode.swift; name = "ContentView.swift"; path = "iosApp/ContentView.swift"; sourceTree = "<group>"; };
		59F6A43A9E7E450F907911E9 /* iosApp.app */ = {isa = PBXFileReference; explicitFileType = wrapper.application; includeInIndex = 0; path = iosApp.app; sourceTree = BUILT_PRODUCTS_DIR; };
		58823B1AA2304241A2689286 /* Shared.xcframework */ = {isa = PBXFileReference; lastKnownFileType = wrapper.xcframework; name = Shared.xcframework; path = "../shared/build/XCFrameworks/release/Shared.xcframework"; sourceTree = "<group>"; };
/* End PBXFileReference section */

/* Begin PBXFrameworksBuildPhase section */
	0BAEEC0BDE9E46139F6F6BC5 /* Frameworks */ = {
		isa = PBXFrameworksBuildPhase;
		buildActionMask = 2147483647;
		files = (
			7DF1374328544B2EB64826FF /* Shared.xcframework in Frameworks */,
		);
		runOnlyForDeploymentPostprocessing = 0;
	};
/* End PBXFrameworksBuildPhase section */

/* Begin PBXGroup section */
	0804034D24744423A52B45F2 = {
		isa = PBXGroup;
		children = (
			FA94EB11CB6949B6877FFF5C /* Products */,
			59B0EE2FAFFB400B8407C6F8 /* Frameworks */,
			E65B00467B1B41FEAA51EEA6 /* VidyaSchoolApp.swift */,
			1C499D2C3DB449B5A98272A5 /* ContentView.swift */,
			401C93AA9A6448CEB1985391 /* Theme */,
			3C9DC89808204581A26DF6EA /* Views */,
			6F6540294A52460EACF6FD0B /* ViewModels */,
			DEDDDFE862C94D33958E35BA /* Services */,
		);
		sourceTree = "<group>";
	};
	401C93AA9A6448CEB1985391 /* Theme */ = {
		isa = PBXGroup;
		children = (
			2FE38BEF2F1C401CB19FEDF6 /* AppTheme.swift */,
		);
		name = Theme;
		sourceTree = "<group>";
	}};
	{views_group_id} /* Views */ = {{
		isa = PBXGroup;
		children = (
			6885D4452E40490D97E432A1 /* TeacherViews.swift */,
			E860715535E945A88FBD1D1A /* LibraryTabView.swift */,
			7B61F59D34F64AF595A582BB /* AdminViews.swift */,
			0F3DC0AFFED7424893CD08C3 /* AccountsViews.swift */,
			5714B588ED3045F5A00A147D /* LoginView.swift */,
			AE2B817872984BD0A29FABF0 /* WelcomeView.swift */,
			C9050636A85549D38562FF59 /* FeesView.swift */,
			E7B5FB022005498E81F77681 /* DashboardView.swift */,
			A483DF480BEF4019A5B93D81 /* NoticesTabView.swift */,
			EDF917BBC99045979E40D80C /* UpdateBannerView.swift */,
		);
		name = Views;
		sourceTree = "<group>";
	}};
	{viewmodels_group_id} /* ViewModels */ = {{
		isa = PBXGroup;
		children = (
			C69445B2A5194C418DEB6963 /* LibraryViewModel.swift */,
			B476B46D18864C54995D31FE /* NoticesViewModel.swift */,
			DF90782ED40C4C71A7EF9915 /* FeesViewModel.swift */,
			ADEF97361B2E4F9DA4C1CC5C /* AdminViewModel.swift */,
			1DAAE513B5E94A01BF107000 /* TeacherViewModel.swift */,
			0F0738B105B148BC90144E63 /* AccountsViewModel.swift */,
			11AC2F4922804B0CA00B2FFC /* AuthViewModel.swift */,
		);
		name = ViewModels;
		sourceTree = "<group>";
	}};
	{services_group_id} /* Services */ = {{
		isa = PBXGroup;
		children = (
			D2FE88F61384427FA84BBE89 /* UpdateChecker.swift */,
		);
		name = Services;
		sourceTree = "<group>";
	}};
	{products_group_id} /* Products */ = {{
		isa = PBXGroup;
		children = (
			{product_ref_id} /* iosApp.app */,
		);
		name = Products;
		sourceTree = "<group>";
	}};
	{frameworks_group_id} /* Frameworks */ = {{
		isa = PBXGroup;
		children = (
			{shared_framework_ref_id} /* Shared.xcframework */,
		);
		name = Frameworks;
		sourceTree = "<group>";
	}};
/* End PBXGroup section */

/* Begin PBXNativeTarget section */
	{target_id} /* iosApp */ = {{
		isa = PBXNativeTarget;
		buildConfigurationList = {target_config_list_id} /* Build configuration list for PBXNativeTarget "iosApp" */;
		buildPhases = (
			{sources_build_phase_id} /* Sources */,
			{frameworks_build_phase_id} /* Frameworks */,
			{resources_build_phase_id} /* Resources */,
		);
		buildRules = (
		);
		dependencies = (
		);
		name = iosApp;
		productName = iosApp;
		productReference = {product_ref_id} /* iosApp.app */;
		productType = "com.apple.product-type.application";
	}};
/* End PBXNativeTarget section */

/* Begin PBXProject section */
	{project_id} /* Project object */ = {{
		isa = PBXProject;
		attributes = {{
			BuildIndependentTargetsInParallel = 1;
			LastSwiftUpdateCheck = 1540;
			LastUpgradeCheck = 1540;
			TargetAttributes = {{
				{target_id} = {{
					CreatedOnToolsVersion = 15.4;
					LastSwiftMigration = 1540;
				}};
			}};
		}};
		buildConfigurationList = {proj_config_list_id} /* Build configuration list for PBXProject "iosApp" */;
		compatibilityVersion = "Xcode 14.0";
		developmentRegion = en;
		hasScannedForEncodings = 0;
		knownRegions = (
			en,
			Base,
		);
		mainGroup = {main_group_id};
		productRefGroup = {products_group_id} /* Products */;
		projectDirPath = "";
		projectRoot = "";
		targets = (
			{target_id} /* iosApp */,
		);
	}};
/* End PBXProject section */

/* Begin PBXResourcesBuildPhase section */
	{resources_build_phase_id} /* Resources */ = {{
		isa = PBXResourcesBuildPhase;
		buildActionMask = 2147483647;
		files = (
		);
		runOnlyForDeploymentPostprocessing = 0;
	}};
/* End PBXResourcesBuildPhase section */

/* Begin PBXSourcesBuildPhase section */
	{sources_build_phase_id} /* Sources */ = {{
		isa = PBXSourcesBuildPhase;
		buildActionMask = 2147483647;
		files = (
			073C9D1A4D624A3C8CE7DFA6 /* AppTheme.swift in Sources */,
			3180C2F56E1B445CBBB34C82 /* TeacherViews.swift in Sources */,
			4810B7626B5349C6BC28D7ED /* LibraryTabView.swift in Sources */,
			F461207414374D09B17818FF /* AdminViews.swift in Sources */,
			1057F4F8978B4DD7AA27F66A /* AccountsViews.swift in Sources */,
			7C1C6F39661C49EBAF106EBC /* LoginView.swift in Sources */,
			8F3A83A016594CEDA2666877 /* WelcomeView.swift in Sources */,
			C9F62F2B4ED24FEFAB75ADBA /* FeesView.swift in Sources */,
			40FEF95233F0421BA4E41904 /* DashboardView.swift in Sources */,
			6F286906D8C644188E4ED15E /* NoticesTabView.swift in Sources */,
			77B7A2B5FB4E456094B42CD8 /* UpdateBannerView.swift in Sources */,
			E3A319E95F244FE5B3987DD3 /* LibraryViewModel.swift in Sources */,
			8D41ED649DA34BEB9847F97F /* NoticesViewModel.swift in Sources */,
			11247C7A65C1445FAB2870F5 /* FeesViewModel.swift in Sources */,
			115D0157039D443ABE695F72 /* AdminViewModel.swift in Sources */,
			679F989C19F34A8A98D4A50B /* TeacherViewModel.swift in Sources */,
			83944AD767954011833A3A9B /* AccountsViewModel.swift in Sources */,
			06FE5149584F4D48B4BA5F75 /* AuthViewModel.swift in Sources */,
			47D85F9EA71B449E9F054EF3 /* UpdateChecker.swift in Sources */,
			ECEB93A6EF8B405BBB6DB67E /* VidyaSchoolApp.swift in Sources */,
			86FFB2AE37304D8395D21073 /* ContentView.swift in Sources */,
		);
		runOnlyForDeploymentPostprocessing = 0;
	};
/* End PBXSourcesBuildPhase section */

/* Begin XCBuildConfiguration section */
	E24C22F269974C118B3EC63F /* Debug */ = {
		isa = XCBuildConfiguration;
		buildSettings = {
			ALWAYS_SEARCH_USER_PATHS = NO;
			ASSETCATALOG_COMPILER_GENERATE_SWIFT_ASSET_SYMBOL_EXTENSIONS = YES;
			CLANG_ANALYZER_NONNULL = YES;
			CLANG_ANALYZER_NUMBER_OBJECT_CONVERSION = YES_AGGRESSIVE;
			CLANG_CXX_LANGUAGE_STANDARD = "gnu++20";
			CLANG_CXX_LIBRARY = "libc++";
			CLANG_ENABLE_MODULES = YES;
			CLANG_ENABLE_OBJC_ARC = YES;
			CLANG_ENABLE_OBJC_WEAK = YES;
			CLANG_WARN_BLOCK_CAPTURE_AUTORELEASING = YES;
			CLANG_WARN_BOOL_CONVERSION = YES;
			CLANG_WARN_COMMA = YES;
			CLANG_WARN_CONSTANT_CONVERSION = YES;
			CLANG_WARN_DEPRECATED_OBJC_IMPLEMENTATIONS = YES;
			CLANG_WARN_DIRECT_OBJC_RECEIVER = YES_OBJC_RELEASES_ARGUMENT;
			CLANG_WARN_DOCUMENTATION_COMMENTS = YES;
			CLANG_WARN_EMPTY_BODY = YES;
			CLANG_WARN_ENUM_CONVERSION = YES;
			CLANG_WARN_INFINITE_RECURSION = YES;
			CLANG_WARN_INT_CONVERSION = YES;
			CLANG_WARN_NON_LITERAL_NULL_CONVERSION = YES;
			CLANG_WARN_OBJC_IMPLICIT_RETAIN_SELF = YES;
			CLANG_WARN_OBJC_LITERAL_CONVERSION = YES;
			CLANG_WARN_OBJC_ROOT_CLASS = YES_ERROR;
			CLANG_WARN_QUOTED_INCLUDE_IN_FRAMEWORK_HEADER = YES;
			CLANG_WARN_RANGE_LOOP_ANALYSIS = YES;
			CLANG_WARN_STRICT_PROTOTYPES = YES;
			CLANG_WARN_SUSPICIOUS_MOVE = YES;
			CLANG_WARN_UNGUARDED_AVAILABILITY = YES_AGGRESSIVE;
			CLANG_WARN_UNREACHABLE_CODE = YES;
			COPY_PHASE_STRIP = NO;
			DEBUG_INFORMATION_FORMAT = dwarf;
			ENABLE_STRICT_OBJC_MSGSEND = YES;
			ENABLE_TESTABILITY = YES;
			ENABLE_USER_SCRIPT_SANDBOXING = NO;
			GCC_C_LANGUAGE_STANDARD = gnu17;
			GCC_DYNAMIC_NO_PIC = NO;
			GCC_NO_COMMON_BLOCKS = YES;
			GCC_OPTIMIZATION_LEVEL = 0;
			GCC_PREPROCESSOR_DEFINITIONS = (
				"DEBUG=1",
				"$(inherited)",
			);
			GCC_WARN_64_TO_32_BIT_CONVERSION = YES;
			GCC_WARN_ABOUT_RETURN_TYPE = YES_ERROR;
			GCC_WARN_UNDECLARED_SELECTOR = YES;
			GCC_WARN_UNINITIALIZED_AUTOS = YES_AGGRESSIVE;
			GCC_WARN_UNUSED_FUNCTION = YES;
			GCC_WARN_UNUSED_VARIABLE = YES;
			IPHONEOS_DEPLOYMENT_TARGET = 16.0;
			MTL_ENABLE_DEBUG_INFO = INCLUDE_SOURCE;
			MTL_FAST_MATH = YES;
			ONLY_ACTIVE_ARCH = YES;
			SDKROOT = iphoneos;
			SWIFT_ACTIVE_COMPILATION_CONDITIONS = DEBUG;
			SWIFT_OPTIMIZATION_LEVEL = "-Onone";
		};
		name = Debug;
	};
	195E4972683745F0997416E2 /* Release */ = {
		isa = XCBuildConfiguration;
		buildSettings = {
			ALWAYS_SEARCH_USER_PATHS = NO;
			ASSETCATALOG_COMPILER_GENERATE_SWIFT_ASSET_SYMBOL_EXTENSIONS = YES;
			CLANG_ANALYZER_NONNULL = YES;
			CLANG_ANALYZER_NUMBER_OBJECT_CONVERSION = YES_AGGRESSIVE;
			CLANG_CXX_LANGUAGE_STANDARD = "gnu++20";
			CLANG_CXX_LIBRARY = "libc++";
			CLANG_ENABLE_MODULES = YES;
			CLANG_ENABLE_OBJC_ARC = YES;
			CLANG_ENABLE_OBJC_WEAK = YES;
			CLANG_WARN_BLOCK_CAPTURE_AUTORELEASING = YES;
			CLANG_WARN_BOOL_CONVERSION = YES;
			CLANG_WARN_COMMA = YES;
			CLANG_WARN_CONSTANT_CONVERSION = YES;
			CLANG_WARN_DEPRECATED_OBJC_IMPLEMENTATIONS = YES;
			CLANG_WARN_DIRECT_OBJC_RECEIVER = YES_OBJC_RELEASES_ARGUMENT;
			CLANG_WARN_DOCUMENTATION_COMMENTS = YES;
			CLANG_WARN_EMPTY_BODY = YES;
			CLANG_WARN_ENUM_CONVERSION = YES;
			CLANG_WARN_INFINITE_RECURSION = YES;
			CLANG_WARN_INT_CONVERSION = YES;
			CLANG_WARN_NON_LITERAL_NULL_CONVERSION = YES;
			CLANG_WARN_OBJC_IMPLICIT_RETAIN_SELF = YES;
			CLANG_WARN_OBJC_LITERAL_CONVERSION = YES;
			CLANG_WARN_OBJC_ROOT_CLASS = YES_ERROR;
			CLANG_WARN_QUOTED_INCLUDE_IN_FRAMEWORK_HEADER = YES;
			CLANG_WARN_RANGE_LOOP_ANALYSIS = YES;
			CLANG_WARN_STRICT_PROTOTYPES = YES;
			CLANG_WARN_SUSPICIOUS_MOVE = YES;
			CLANG_WARN_UNGUARDED_AVAILABILITY = YES_AGGRESSIVE;
			CLANG_WARN_UNREACHABLE_CODE = YES;
			COPY_PHASE_STRIP = NO;
			DEBUG_INFORMATION_FORMAT = "dwarf-with-dsym";
			ENABLE_NS_ASSERTIONS = NO;
			ENABLE_STRICT_OBJC_MSGSEND = YES;
			ENABLE_USER_SCRIPT_SANDBOXING = NO;
			GCC_C_LANGUAGE_STANDARD = gnu17;
			GCC_NO_COMMON_BLOCKS = YES;
			GCC_WARN_64_TO_32_BIT_CONVERSION = YES;
			GCC_WARN_ABOUT_RETURN_TYPE = YES_ERROR;
			GCC_WARN_UNDECLARED_SELECTOR = YES;
			GCC_WARN_UNINITIALIZED_AUTOS = YES_AGGRESSIVE;
			GCC_WARN_UNUSED_FUNCTION = YES;
			GCC_WARN_UNUSED_VARIABLE = YES;
			IPHONEOS_DEPLOYMENT_TARGET = 16.0;
			MTL_ENABLE_DEBUG_INFO = NO;
			MTL_FAST_MATH = YES;
			SDKROOT = iphoneos;
			SWIFT_COMPILATION_MODE = wholemodule;
			SWIFT_OPTIMIZATION_LEVEL = "-O";
			VALIDATE_PRODUCT = YES;
		};
		name = Release;
	};
	0F85AB85507242C4A4758323 /* Debug */ = {
		isa = XCBuildConfiguration;
		buildSettings = {
			ASSETCATALOG_COMPILER_APPICON_NAME = AppIcon;
			ASSETCATALOG_COMPILER_GLOBAL_ACCENT_COLOR_NAME = AccentColor;
			CODE_SIGN_STYLE = Automatic;
			CURRENT_PROJECT_VERSION = 1;
			DEVELOPMENT_ASSET_PATHS = "";
			ENABLE_PREVIEWS = YES;
			FRAMEWORK_SEARCH_PATHS = (
				"$(inherited)",
				"\"$(SRCROOT)/../shared/build/XCFrameworks/release\"",
				"\"$(SRCROOT)/../shared/build/XCFrameworks/debug\"",
			);
			INFOPLIST_FILE = iosApp/Info.plist;
			LD_RUNPATH_SEARCH_PATHS = (
				"$(inherited)",
				"@executable_path/Frameworks",
			);
			MARKETING_VERSION = 1.0.0;
			PRODUCT_BUNDLE_IDENTIFIER = com.vidyaschool.iosapp;
			PRODUCT_NAME = "$(TARGET_NAME)";
			SWIFT_EMIT_LOC_STRINGS = YES;
			SWIFT_VERSION = 5.0;
			TARGETED_DEVICE_FAMILY = "1,2";
		};
		name = Debug;
	};
	AFE737F0A38043D7BE9090D2 /* Release */ = {
		isa = XCBuildConfiguration;
		buildSettings = {
			ASSETCATALOG_COMPILER_APPICON_NAME = AppIcon;
			ASSETCATALOG_COMPILER_GLOBAL_ACCENT_COLOR_NAME = AccentColor;
			CODE_SIGN_STYLE = Automatic;
			CURRENT_PROJECT_VERSION = 1;
			DEVELOPMENT_ASSET_PATHS = "";
			ENABLE_PREVIEWS = YES;
			FRAMEWORK_SEARCH_PATHS = (
				"$(inherited)",
				"\"$(SRCROOT)/../shared/build/XCFrameworks/release\"",
				"\"$(SRCROOT)/../shared/build/XCFrameworks/debug\"",
			);
			INFOPLIST_FILE = iosApp/Info.plist;
			LD_RUNPATH_SEARCH_PATHS = (
				"$(inherited)",
				"@executable_path/Frameworks",
			);
			MARKETING_VERSION = 1.0.0;
			PRODUCT_BUNDLE_IDENTIFIER = com.vidyaschool.iosapp;
			PRODUCT_NAME = "$(TARGET_NAME)";
			SWIFT_EMIT_LOC_STRINGS = YES;
			SWIFT_VERSION = 5.0;
			TARGETED_DEVICE_FAMILY = "1,2";
		};
		name = Release;
	};
/* End XCBuildConfiguration section */

/* Begin XCConfigurationList section */
	36877CF2FAA74B9CA4612A49 /* Build configuration list for PBXProject "iosApp" */ = {
		isa = XCConfigurationList;
		buildConfigurations = (
			E24C22F269974C118B3EC63F /* Debug */,
			195E4972683745F0997416E2 /* Release */,
		);
		defaultConfigurationIsVisible = 0;
		defaultConfigurationName = Release;
	};
	2D2E904F02064D0D8D7F8182 /* Build configuration list for PBXNativeTarget "iosApp" */ = {
		isa = XCConfigurationList;
		buildConfigurations = (
			0F85AB85507242C4A4758323 /* Debug */,
			AFE737F0A38043D7BE9090D2 /* Release */,
		);
		defaultConfigurationIsVisible = 0;
		defaultConfigurationName = Release;
	};
/* End XCConfigurationList section */
	};
	rootObject = 837E47FD6CB340F5A61474D9 /* Project object */;
}
